
Microsoft Visual Studio Solution File, Format Version 12.00
# Visual Studio Version 17
VisualStudioVersion = 17.14.36623.8 d17.14
MinimumVisualStudioVersion = 10.0.40219.1
Project("{FAE04EC0-301F-11D3-BF4B-00C04F79EFBC}") = "FirstProgram", "FirstProgram.csproj", "{7233F24F-109D-4E77-A252-6064E9370FF8}"
EndProject
Project("{FAE04EC0-301F-11D3-BF4B-00C04F79EFBC}") = "Stopwatch", "..\Stopwatch\Stopwatch.csproj", "{32F630FE-2390-48C9-9CC5-44B895FFC176}"
EndProject
Global
	GlobalSection(SolutionConfigurationPlatforms) = preSolution
		Debug|Any CPU = Debug|Any CPU
		Release|Any CPU = Release|Any CPU
	EndGlobalSection
	GlobalSection(ProjectConfigurationPlatforms) = postSolution
		{7233F24F-109D-4E77-A252-6064E9370FF8}.Debug|Any CPU.ActiveCfg = Debug|Any CPU
		{7233F24F-109D-4E77-A252-6064E9370FF8}.Debug|Any CPU.Build.0 = Debug|Any CPU
		{7233F24F-109D-4E77-A252-6064E9370FF8}.Release|Any CPU.ActiveCfg = Release|Any CPU
		{7233F24F-109D-4E77-A252-6064E9370FF8}.Release|Any CPU.Build.0 = Release|Any CPU
		{32F630FE-2390-48C9-9CC5-44B895FFC176}.Debug|Any CPU.ActiveCfg = Debug|Any CPU
		{32F630FE-2390-48C9-9CC5-44B895FFC176}.Debug|Any CPU.Build.0 = Debug|Any CPU
		{32F630FE-2390-48C9-9CC5-44B895FFC176}.Release|Any CPU.ActiveCfg = Release|Any CPU
		{32F630FE-2390-48C9-9CC5-44B895FFC176}.Release|Any CPU.Build.0 = Release|Any CPU
	EndGlobalSection
	GlobalSection(SolutionProperties) = preSolution
		HideSolutionNode = FALSE
	EndGlobalSection
	GlobalSection(ExtensibilityGlobals) = postSolution
		SolutionGuid = {993661D3-E7AB-4E88-A544-EFA6B94D43E1}
	EndGlobalSection
EndGlobal
